
Microsoft Visual Studio Solution File, Format Version 12.00
# Visual Studio Version 17
VisualStudioVersion = 17.10.35027.167
MinimumVisualStudioVersion = 10.0.40219.1
Project("{9A19103F-16F7-4668-BE54-9A1E7A4F7556}") = "QuickShop.Server", "QuickShop.Server\QuickShop.Server.csproj", "{4FEFF671-A908-4730-A5A7-CBD6BC6135EA}"
EndProject
Project("{9A19103F-16F7-4668-BE54-9A1E7A4F7556}") = "QuickShop.Client", "QuickShop.Client\QuickShop.Client.csproj", "{AF8825CF-9B45-4648-95D8-F58E97A6D77C}"
EndProject
Project("{9A19103F-16F7-4668-BE54-9A1E7A4F7556}") = "QuickShop.Shared", "QuickShop.Shared\QuickShop.Shared.csproj", "{450291CB-2A40-43CF-8CF1-54ED935BC6CB}"
EndProject
Global
	GlobalSection(SolutionConfigurationPlatforms) = preSolution
		Debug|Any CPU = Debug|Any CPU
		Release|Any CPU = Release|Any CPU
	EndGlobalSection
	GlobalSection(ProjectConfigurationPlatforms) = postSolution
		{4FEFF671-A908-4730-A5A7-CBD6BC6135EA}.Debug|Any CPU.ActiveCfg = Debug|Any CPU
		{4FEFF671-A908-4730-A5A7-CBD6BC6135EA}.Debug|Any CPU.Build.0 = Debug|Any CPU
		{4FEFF671-A908-4730-A5A7-CBD6BC6135EA}.Release|Any CPU.ActiveCfg = Release|Any CPU
		{4FEFF671-A908-4730-A5A7-CBD6BC6135EA}.Release|Any CPU.Build.0 = Release|Any CPU
		{AF8825CF-9B45-4648-95D8-F58E97A6D77C}.Debug|Any CPU.ActiveCfg = Debug|Any CPU
		{AF8825CF-9B45-4648-95D8-F58E97A6D77C}.Debug|Any CPU.Build.0 = Debug|Any CPU
		{AF8825CF-9B45-4648-95D8-F58E97A6D77C}.Release|Any CPU.ActiveCfg = Release|Any CPU
		{AF8825CF-9B45-4648-95D8-F58E97A6D77C}.Release|Any CPU.Build.0 = Release|Any CPU
		{450291CB-2A40-43CF-8CF1-54ED935BC6CB}.Debug|Any CPU.ActiveCfg = Debug|Any CPU
		{450291CB-2A40-43CF-8CF1-54ED935BC6CB}.Debug|Any CPU.Build.0 = Debug|Any CPU
		{450291CB-2A40-43CF-8CF1-54ED935BC6CB}.Release|Any CPU.ActiveCfg = Release|Any CPU
		{450291CB-2A40-43CF-8CF1-54ED935BC6CB}.Release|Any CPU.Build.0 = Release|Any CPU
	EndGlobalSection
	GlobalSection(SolutionProperties) = preSolution
		HideSolutionNode = FALSE
	EndGlobalSection
	GlobalSection(ExtensibilityGlobals) = postSolution
		SolutionGuid = {CAF6BC69-AFFA-4F9B-B963-DB17A6E27C60}
	EndGlobalSection
EndGlobal
